PODS:
  - Alamofire (5.4.4)
  - Cosmos (23.0.0)
  - FBAEMKit (12.0.2):
    - FBSDKCoreKit_Basics (= 12.0.2)
  - FBSDKCoreKit (12.0.2):
    - FBAEMKit (= 12.0.2)
    - FBSDKCoreKit_Basics (= 12.0.2)
  - FBSDKCoreKit_Basics (12.0.2)
  - FBSDKLoginKit (12.0.2):
    - FBSDKCoreKit (= 12.0.2)
  - KakaoSDK (2.8.1):
    - KakaoSDKAuth (= 2.8.1)
    - KakaoSDKCommon (= 2.8.1)
    - KakaoSDKLink (= 2.8.1)
    - KakaoSDKNavi (= 2.8.1)
    - KakaoSDKStory (= 2.8.1)
    - KakaoSDKTalk (= 2.8.1)
    - KakaoSDKTemplate (= 2.8.1)
    - KakaoSDKUser (= 2.8.1)
  - KakaoSDKAuth (2.8.1):
    - KakaoSDKCommon (= 2.8.1)
  - KakaoSDKCommon (2.8.1):
    - KakaoSDKCommon/Common (= 2.8.1)
    - KakaoSDKCommon/Network (= 2.8.1)
  - KakaoSDKCommon/Common (2.8.1)
  - KakaoSDKCommon/Network (2.8.1):
    - Alamofire (~> 5.1)
    - KakaoSDKCommon/Common (= 2.8.1)
  - KakaoSDKLink (2.8.1):
    - KakaoSDKCommon (= 2.8.1)
    - KakaoSDKTemplate (= 2.8.1)
  - KakaoSDKNavi (2.8.1):
    - KakaoSDKCommon/Common (= 2.8.1)
  - KakaoSDKStory (2.8.1):
    - KakaoSDKUser (= 2.8.1)
  - KakaoSDKTalk (2.8.1):
    - KakaoSDKTemplate (= 2.8.1)
    - KakaoSDKUser (= 2.8.1)
  - KakaoSDKTemplate (2.8.1):
    - KakaoSDKCommon/Common (= 2.8.1)
  - KakaoSDKUser (2.8.1):
    - KakaoSDKAuth (= 2.8.1)
  - KeychainSwift (19.0.0)
  - Loaf (0.7.0)
  - naveridlogin-sdk-ios (4.1.3)

DEPENDENCIES:
  - Cosmos
  - FBSDKLoginKit
  - KakaoSDK
  - KeychainSwift (~> 19.0)
  - Loaf
  - naveridlogin-sdk-ios

SPEC REPOS:
  trunk:
    - Alamofire
    - Cosmos
    - FBAEMKit
    - FBSDKCoreKit
    - FBSDKCoreKit_Basics
    - FBSDKLoginKit
    - KakaoSDK
    - KakaoSDKAuth
    - KakaoSDKCommon
    - KakaoSDKLink
    - KakaoSDKNavi
    - KakaoSDKStory
    - KakaoSDKTalk
    - KakaoSDKTemplate
    - KakaoSDKUser
    - KeychainSwift
    - Loaf
    - naveridlogin-sdk-ios

SPEC CHECKSUMS:
  Alamofire: f3b09a368f1582ab751b3fff5460276e0d2cf5c9
  Cosmos: b5c6a9a637e28a061b54c8f8b1d8529d7d4db73f
  FBAEMKit: c6b8ddf8371640fcd1a3b844d0f8884c8f334cea
  FBSDKCoreKit: 506c0fd1c09a3075f62be8fa36bdd921c563daa9
  FBSDKCoreKit_Basics: c0701d1634c944d60dd3c6361d66dbd0e707a456
  FBSDKLoginKit: d7c9f6ddff20d7b04c94d1f1f065dc7a441d44a0
  KakaoSDK: ea02b7f95458c184dc5b1c45a4fb685f6107c0bb
  KakaoSDKAuth: 3cf74660531ac85cd2c7931df8d90d562b0a8fe2
  KakaoSDKCommon: 701ef2a9b92215a4bf131b2a6139c3586b5e8d99
  KakaoSDKLink: 727eb79fcf1728e678af8c715c9e9213bd679206
  KakaoSDKNavi: 39cc71c6a99d1c06f8153cdedcad0ddcbbe0605b
  KakaoSDKStory: 117bd123c86d7490f037abb920d5fcf69ebcc1c4
  KakaoSDKTalk: 14a62541fbe93bfeafae8751e58d7212d3642431
  KakaoSDKTemplate: 1e47d4d711cdae4250e8750cf6ce76652736e73e
  KakaoSDKUser: c4bdbca17b05ce7a25c67176ac68b6b0c8b1db56
  KeychainSwift: a06190cf933ad46b1e0abc3d77d29c06331715c7
  Loaf: d69937cd00649f3fa260beb8b7aef0a1feb861ef
  naveridlogin-sdk-ios: b9d7c20677981177ed994ecb1c8c2b49f223277d

PODFILE CHECKSUM: ad8bbc7102f5483d9ccabd0d26e22f7d9b95ea4b

COCOAPODS: 1.11.2
