// !$*UTF8*$!
{
	archiveVersion = 1;
	classes = {
	};
	objectVersion = 51;
	objects = {

/* Begin PBXBuildFile section */
		2C117F122662303B00335B74 /* AppDelegate.swift in Sources */ = {isa = PBXBuildFile; fileRef = 2C117F112662303B00335B74 /* AppDelegate.swift */; };
		2C117F142662303B00335B74 /* SceneDelegate.swift in Sources */ = {isa = PBXBuildFile; fileRef = 2C117F132662303B00335B74 /* SceneDelegate.swift */; };
		2C117F192662303B00335B74 /* Main.storyboard in Resources */ = {isa = PBXBuildFile; fileRef = 2C117F172662303B00335B74 /* Main.storyboard */; };
		2C117F1B2662304100335B74 /* Assets.xcassets in Resources */ = {isa = PBXBuildFile; fileRef = 2C117F1A2662304100335B74 /* Assets.xcassets */; };
		2C117F1E2662304100335B74 /* LaunchScreen.storyboard in Resources */ = {isa = PBXBuildFile; fileRef = 2C117F1C2662304100335B74 /* LaunchScreen.storyboard */; };
		2C16A01D26AC171500802BD6 /* MainScreen.storyboard in Resources */ = {isa = PBXBuildFile; fileRef = 2C16A01C26AC171500802BD6 /* MainScreen.storyboard */; };
		2C16A01F26AC172900802BD6 /* MainScreenViewController.swift in Sources */ = {isa = PBXBuildFile; fileRef = 2C16A01E26AC172900802BD6 /* MainScreenViewController.swift */; };
		2C16A02126AC1C3700802BD6 /* MainScreenFirstSectionTableViewCell.swift in Sources */ = {isa = PBXBuildFile; fileRef = 2C16A02026AC1C3700802BD6 /* MainScreenFirstSectionTableViewCell.swift */; };
		2C16A02326AC1D7800802BD6 /* MainScreenFirstSectionCollectionViewCell.swift in Sources */ = {isa = PBXBuildFile; fileRef = 2C16A02226AC1D7800802BD6 /* MainScreenFirstSectionCollectionViewCell.swift */; };
		2C16A02626AC21BF00802BD6 /* Date+Formatter.swift in Sources */ = {isa = PBXBuildFile; fileRef = 2C16A02526AC21BF00802BD6 /* Date+Formatter.swift */; };
		2C1B4BDC26EE5CE2000AAE1D /* Review.swift in Sources */ = {isa = PBXBuildFile; fileRef = 2C1B4BDB26EE5CE2000AAE1D /* Review.swift */; };
		2C1B4BDE26EE617F000AAE1D /* StorageScreen.storyboard in Resources */ = {isa = PBXBuildFile; fileRef = 2C1B4BDD26EE617F000AAE1D /* StorageScreen.storyboard */; };
		2C1B4BE026EE690A000AAE1D /* StorageViewController.swift in Sources */ = {isa = PBXBuildFile; fileRef = 2C1B4BDF26EE690A000AAE1D /* StorageViewController.swift */; };
		2C2BADBE26B54CC300138E58 /* SearchScreen.storyboard in Resources */ = {isa = PBXBuildFile; fileRef = 2C2BADBD26B54CC300138E58 /* SearchScreen.storyboard */; };
		2C2BADC026B54E2100138E58 /* SearchViewController.swift in Sources */ = {isa = PBXBuildFile; fileRef = 2C2BADBF26B54E2100138E58 /* SearchViewController.swift */; };
		2C2BADC226B55E3D00138E58 /* SearchMovieTableViewCell.swift in Sources */ = {isa = PBXBuildFile; fileRef = 2C2BADC126B55E3D00138E58 /* SearchMovieTableViewCell.swift */; };
		2C443A652716083700B1F5D1 /* ReviewPostData.swift in Sources */ = {isa = PBXBuildFile; fileRef = 2C443A642716083700B1F5D1 /* ReviewPostData.swift */; };
		2C443A672716085400B1F5D1 /* ResultCode.swift in Sources */ = {isa = PBXBuildFile; fileRef = 2C443A662716085400B1F5D1 /* ResultCode.swift */; };
		2C443A692716087500B1F5D1 /* CommonResponse.swift in Sources */ = {isa = PBXBuildFile; fileRef = 2C443A682716087500B1F5D1 /* CommonResponse.swift */; };
		2C443A6B27160B1500B1F5D1 /* MovieTheaterData.swift in Sources */ = {isa = PBXBuildFile; fileRef = 2C443A6A27160B1500B1F5D1 /* MovieTheaterData.swift */; };
		2C50D0882717FE5B00B2E112 /* ReviewListResponse.swift in Sources */ = {isa = PBXBuildFile; fileRef = 2C50D0872717FE5B00B2E112 /* ReviewListResponse.swift */; };
		2C581DEC26693ECE0040C6EA /* CommonViewController.swift in Sources */ = {isa = PBXBuildFile; fileRef = 2C581DEB26693ECE0040C6EA /* CommonViewController.swift */; };
		2C59B938270C0D6100CC492B /* MovieTheaterListViewController.swift in Sources */ = {isa = PBXBuildFile; fileRef = 2C59B937270C0D6000CC492B /* MovieTheaterListViewController.swift */; };
		2C63157526B04B940019C9E9 /* ReviewViewController.swift in Sources */ = {isa = PBXBuildFile; fileRef = 2C63157426B04B940019C9E9 /* ReviewViewController.swift */; };
		2C6BE451269406E3004237C0 /* MovieDetailViewController.swift in Sources */ = {isa = PBXBuildFile; fileRef = 2C6BE450269406E3004237C0 /* MovieDetailViewController.swift */; };
		2C6EA15926A30E19003B4671 /* RoundedView.swift in Sources */ = {isa = PBXBuildFile; fileRef = 2C6EA15826A30E18003B4671 /* RoundedView.swift */; };
		2C7CDC06271E6656003E1E60 /* String+Fomatter.swift in Sources */ = {isa = PBXBuildFile; fileRef = 2C7CDC05271E6656003E1E60 /* String+Fomatter.swift */; };
		2CA0CD9426F062B6004BDA42 /* MemoViewController.swift in Sources */ = {isa = PBXBuildFile; fileRef = 2CA0CD9326F062B6004BDA42 /* MemoViewController.swift */; };
		2CAB1AC226CFE32400EA3C8B /* Int+TimeInterval.swift in Sources */ = {isa = PBXBuildFile; fileRef = 2CAB1AC126CFE32400EA3C8B /* Int+TimeInterval.swift */; };
		2CAB1AC426CFE44100EA3C8B /* MovieImageSource.swift in Sources */ = {isa = PBXBuildFile; fileRef = 2CAB1AC326CFE44100EA3C8B /* MovieImageSource.swift */; };
		2CD6C73A26AC6F0600E82A06 /* SubMovieCollectionViewCell.swift in Sources */ = {isa = PBXBuildFile; fileRef = 2CD6C73926AC6F0600E82A06 /* SubMovieCollectionViewCell.swift */; };
		2CD6C73C26AC6F9D00E82A06 /* SubMovieTableViewCell.swift in Sources */ = {isa = PBXBuildFile; fileRef = 2CD6C73B26AC6F9D00E82A06 /* SubMovieTableViewCell.swift */; };
		2CE2F5B426EF38DD0021C642 /* StorageCollectionViewCell.swift in Sources */ = {isa = PBXBuildFile; fileRef = 2CE2F5B326EF38DD0021C642 /* StorageCollectionViewCell.swift */; };
		2CE4F015267242C7008BB895 /* LoginViewController.swift in Sources */ = {isa = PBXBuildFile; fileRef = 2CE4F014267242C7008BB895 /* LoginViewController.swift */; };
		2CF18D7F269AF22B001B1497 /* Movie.swift in Sources */ = {isa = PBXBuildFile; fileRef = 2CF18D7E269AF22B001B1497 /* Movie.swift */; };
		2CF18D82269AF260001B1497 /* MovieDataSource.swift in Sources */ = {isa = PBXBuildFile; fileRef = 2CF18D81269AF260001B1497 /* MovieDataSource.swift */; };
		9C3DC394F5FAA272B922B246 /* Pods_MyOwnFilm.framework in Frameworks */ = {isa = PBXBuildFile; fileRef = 4864EAE35440F52037B2D653 /* Pods_MyOwnFilm.framework */; };
/* End PBXBuildFile section */

/* Begin PBXFileReference section */
		2C117F112662303B00335B74 /* AppDelegate.swift */ = {isa = PBXFileReference; lastKnownFileType = sourcecode.swift; path = AppDelegate.swift; sourceTree = "<group>"; };
		2C117F132662303B00335B74 /* SceneDelegate.swift */ = {isa = PBXFileReference; lastKnownFileType = sourcecode.swift; path = SceneDelegate.swift; sourceTree = "<group>"; };
		2C117F182662303B00335B74 /* Base */ = {isa = PBXFileReference; lastKnownFileType = file.storyboard; name = Base; path = Base.lproj/Main.storyboard; sourceTree = "<group>"; };
		2C117F1A2662304100335B74 /* Assets.xcassets */ = {isa = PBXFileReference; lastKnownFileType = folder.assetcatalog; path = Assets.xcassets; sourceTree = "<group>"; };
		2C117F1D2662304100335B74 /* Base */ = {isa = PBXFileReference; lastKnownFileType = file.storyboard; name = Base; path = Base.lproj/LaunchScreen.storyboard; sourceTree = "<group>"; };
		2C117F1F2662304100335B74 /* Info.plist */ = {isa = PBXFileReference; lastKnownFileType = text.plist.xml; path = Info.plist; sourceTree = "<group>"; };
		2C16A01C26AC171500802BD6 /* MainScreen.storyboard */ = {isa = PBXFileReference; lastKnownFileType = file.storyboard; path = MainScreen.storyboard; sourceTree = "<group>"; };
		2C16A01E26AC172900802BD6 /* MainScreenViewController.swift */ = {isa = PBXFileReference; lastKnownFileType = sourcecode.swift; path = MainScreenViewController.swift; sourceTree = "<group>"; };
		2C16A02026AC1C3700802BD6 /* MainScreenFirstSectionTableViewCell.swift */ = {isa = PBXFileReference; lastKnownFileType = sourcecode.swift; path = MainScreenFirstSectionTableViewCell.swift; sourceTree = "<group>"; };
		2C16A02226AC1D7800802BD6 /* MainScreenFirstSectionCollectionViewCell.swift */ = {isa = PBXFileReference; lastKnownFileType = sourcecode.swift; path = MainScreenFirstSectionCollectionViewCell.swift; sourceTree = "<group>"; };
		2C16A02526AC21BF00802BD6 /* Date+Formatter.swift */ = {isa = PBXFileReference; lastKnownFileType = sourcecode.swift; path = "Date+Formatter.swift"; sourceTree = "<group>"; };
		2C1B4BDB26EE5CE2000AAE1D /* Review.swift */ = {isa = PBXFileReference; lastKnownFileType = sourcecode.swift; path = Review.swift; sourceTree = "<group>"; };
		2C1B4BDD26EE617F000AAE1D /* StorageScreen.storyboard */ = {isa = PBXFileReference; lastKnownFileType = file.storyboard; path = StorageScreen.storyboard; sourceTree = "<group>"; };
		2C1B4BDF26EE690A000AAE1D /* StorageViewController.swift */ = {isa = PBXFileReference; lastKnownFileType = sourcecode.swift; path = StorageViewController.swift; sourceTree = "<group>"; };
		2C2BADBD26B54CC300138E58 /* SearchScreen.storyboard */ = {isa = PBXFileReference; lastKnownFileType = file.storyboard; path = SearchScreen.storyboard; sourceTree = "<group>"; };
		2C2BADBF26B54E2100138E58 /* SearchViewController.swift */ = {isa = PBXFileReference; lastKnownFileType = sourcecode.swift; path = SearchViewController.swift; sourceTree = "<group>"; };
		2C2BADC126B55E3D00138E58 /* SearchMovieTableViewCell.swift */ = {isa = PBXFileReference; lastKnownFileType = sourcecode.swift; path = SearchMovieTableViewCell.swift; sourceTree = "<group>"; };
		2C443A642716083700B1F5D1 /* ReviewPostData.swift */ = {isa = PBXFileReference; lastKnownFileType = sourcecode.swift; path = ReviewPostData.swift; sourceTree = "<group>"; };
		2C443A662716085400B1F5D1 /* ResultCode.swift */ = {isa = PBXFileReference; lastKnownFileType = sourcecode.swift; path = ResultCode.swift; sourceTree = "<group>"; };
		2C443A682716087500B1F5D1 /* CommonResponse.swift */ = {isa = PBXFileReference; lastKnownFileType = sourcecode.swift; path = CommonResponse.swift; sourceTree = "<group>"; };
		2C443A6A27160B1500B1F5D1 /* MovieTheaterData.swift */ = {isa = PBXFileReference; lastKnownFileType = sourcecode.swift; path = MovieTheaterData.swift; sourceTree = "<group>"; };
		2C50D0872717FE5B00B2E112 /* ReviewListResponse.swift */ = {isa = PBXFileReference; lastKnownFileType = sourcecode.swift; path = ReviewListResponse.swift; sourceTree = "<group>"; };
		2C581DEB26693ECE0040C6EA /* CommonViewController.swift */ = {isa = PBXFileReference; lastKnownFileType = sourcecode.swift; path = CommonViewController.swift; sourceTree = "<group>"; };
		2C59B937270C0D6000CC492B /* MovieTheaterListViewController.swift */ = {isa = PBXFileReference; lastKnownFileType = sourcecode.swift; path = MovieTheaterListViewController.swift; sourceTree = "<group>"; };
		2C63157426B04B940019C9E9 /* ReviewViewController.swift */ = {isa = PBXFileReference; lastKnownFileType = sourcecode.swift; path = ReviewViewController.swift; sourceTree = "<group>"; };
		2C6BE450269406E3004237C0 /* MovieDetailViewController.swift */ = {isa = PBXFileReference; lastKnownFileType = sourcecode.swift; path = MovieDetailViewController.swift; sourceTree = "<group>"; };
		2C6EA15526A30728003B4671 /* MyOwnFilm.app */ = {isa = PBXFileReference; explicitFileType = wrapper.application; includeInIndex = 0; path = MyOwnFilm.app; sourceTree = BUILT_PRODUCTS_DIR; };
		2C6EA15826A30E18003B4671 /* RoundedView.swift */ = {isa = PBXFileReference; lastKnownFileType = sourcecode.swift; path = RoundedView.swift; sourceTree = "<group>"; };
		2C7CDC05271E6656003E1E60 /* String+Fomatter.swift */ = {isa = PBXFileReference; lastKnownFileType = sourcecode.swift; path = "String+Fomatter.swift"; sourceTree = "<group>"; };
		2CA0CD9326F062B6004BDA42 /* MemoViewController.swift */ = {isa = PBXFileReference; lastKnownFileType = sourcecode.swift; path = MemoViewController.swift; sourceTree = "<group>"; };
		2CAB1AC126CFE32400EA3C8B /* Int+TimeInterval.swift */ = {isa = PBXFileReference; lastKnownFileType = sourcecode.swift; path = "Int+TimeInterval.swift"; sourceTree = "<group>"; };
		2CAB1AC326CFE44100EA3C8B /* MovieImageSource.swift */ = {isa = PBXFileReference; lastKnownFileType = sourcecode.swift; path = MovieImageSource.swift; sourceTree = "<group>"; };
		2CD6C73926AC6F0600E82A06 /* SubMovieCollectionViewCell.swift */ = {isa = PBXFileReference; lastKnownFileType = sourcecode.swift; path = SubMovieCollectionViewCell.swift; sourceTree = "<group>"; };
		2CD6C73B26AC6F9D00E82A06 /* SubMovieTableViewCell.swift */ = {isa = PBXFileReference; lastKnownFileType = sourcecode.swift; path = SubMovieTableViewCell.swift; sourceTree = "<group>"; };
		2CE2F5B326EF38DD0021C642 /* StorageCollectionViewCell.swift */ = {isa = PBXFileReference; lastKnownFileType = sourcecode.swift; path = StorageCollectionViewCell.swift; sourceTree = "<group>"; };
		2CE4F014267242C7008BB895 /* LoginViewController.swift */ = {isa = PBXFileReference; lastKnownFileType = sourcecode.swift; path = LoginViewController.swift; sourceTree = "<group>"; };
		2CF18D7C269ADA5A001B1497 /* MovieItem.playground */ = {isa = PBXFileReference; lastKnownFileType = file.playground; path = MovieItem.playground; sourceTree = "<group>"; xcLanguageSpecificationIdentifier = xcode.lang.swift; };
		2CF18D7E269AF22B001B1497 /* Movie.swift */ = {isa = PBXFileReference; lastKnownFileType = sourcecode.swift; path = Movie.swift; sourceTree = "<group>"; };
		2CF18D81269AF260001B1497 /* MovieDataSource.swift */ = {isa = PBXFileReference; lastKnownFileType = sourcecode.swift; path = MovieDataSource.swift; sourceTree = "<group>"; };
		4864EAE35440F52037B2D653 /* Pods_MyOwnFilm.framework */ = {isa = PBXFileReference; explicitFileType = wrapper.framework; includeInIndex = 0; path = Pods_MyOwnFilm.framework; sourceTree = BUILT_PRODUCTS_DIR; };
		DC7049195F116B4E74D7B48A /* Pods-MyOwnFilm.release.xcconfig */ = {isa = PBXFileReference; includeInIndex = 1; lastKnownFileType = text.xcconfig; name = "Pods-MyOwnFilm.release.xcconfig"; path = "Target Support Files/Pods-MyOwnFilm/Pods-MyOwnFilm.release.xcconfig"; sourceTree = "<group>"; };
		FFED6DC594802BE99941C5F0 /* Pods-MyOwnFilm.debug.xcconfig */ = {isa = PBXFileReference; includeInIndex = 1; lastKnownFileType = text.xcconfig; name = "Pods-MyOwnFilm.debug.xcconfig"; path = "Target Support Files/Pods-MyOwnFilm/Pods-MyOwnFilm.debug.xcconfig"; sourceTree = "<group>"; };
/* End PBXFileReference section */

/* Begin PBXFrameworksBuildPhase section */
		2C117F0B2662303B00335B74 /* Frameworks */ = {
			isa = PBXFrameworksBuildPhase;
			buildActionMask = 2147483647;
			files = (
				9C3DC394F5FAA272B922B246 /* Pods_MyOwnFilm.framework in Frameworks */,
			);
			runOnlyForDeploymentPostprocessing = 0;
		};
/* End PBXFrameworksBuildPhase section */

/* Begin PBXGroup section */
		2C11246F26A311A900C103E2 /* Cell */ = {
			isa = PBXGroup;
			children = (
				2C16A02026AC1C3700802BD6 /* MainScreenFirstSectionTableViewCell.swift */,
				2C16A02226AC1D7800802BD6 /* MainScreenFirstSectionCollectionViewCell.swift */,
				2CD6C73B26AC6F9D00E82A06 /* SubMovieTableViewCell.swift */,
				2CD6C73926AC6F0600E82A06 /* SubMovieCollectionViewCell.swift */,
				2C2BADC126B55E3D00138E58 /* SearchMovieTableViewCell.swift */,
				2CE2F5B326EF38DD0021C642 /* StorageCollectionViewCell.swift */,
			);
			path = Cell;
			sourceTree = "<group>";
		};
		2C117F052662303B00335B74 = {
			isa = PBXGroup;
			children = (
				2C117F102662303B00335B74 /* MyOwnFilm */,
				2C6EA15526A30728003B4671 /* MyOwnFilm.app */,
				53BFCC4A4FFA164C0C1BE6F7 /* Pods */,
				5BA1E56F0BAE73ABEC48CF54 /* Frameworks */,
			);
			sourceTree = "<group>";
		};
		2C117F102662303B00335B74 /* MyOwnFilm */ = {
			isa = PBXGroup;
			children = (
				2C16A02426AC216100802BD6 /* Extension */,
				2C6EA15726A30DF9003B4671 /* LiveRendering */,
				2CF18D7B269ADA0D001B1497 /* Prototype */,
				2CF18D7D269AF1F6001B1497 /* Model */,
				2CF18D80269AF243001B1497 /* Service */,
				2C117F29266231AC00335B74 /* Resources */,
				2C11246F26A311A900C103E2 /* Cell */,
				2C117F262662315500335B74 /* View */,
				2C117F272662315E00335B74 /* Controller */,
				2C117F1A2662304100335B74 /* Assets.xcassets */,
				2C117F1F2662304100335B74 /* Info.plist */,
			);
			path = MyOwnFilm;
			sourceTree = "<group>";
		};
		2C117F262662315500335B74 /* View */ = {
			isa = PBXGroup;
			children = (
				2C117F282662317700335B74 /* Storyboard */,
			);
			path = View;
			sourceTree = "<group>";
		};
		2C117F272662315E00335B74 /* Controller */ = {
			isa = PBXGroup;
			children = (
				2CE4F014267242C7008BB895 /* LoginViewController.swift */,
				2C16A01E26AC172900802BD6 /* MainScreenViewController.swift */,
				2C6BE450269406E3004237C0 /* MovieDetailViewController.swift */,
				2C63157426B04B940019C9E9 /* ReviewViewController.swift */,
				2C59B937270C0D6000CC492B /* MovieTheaterListViewController.swift */,
				2CA0CD9326F062B6004BDA42 /* MemoViewController.swift */,
				2C2BADBF26B54E2100138E58 /* SearchViewController.swift */,
				2C1B4BDF26EE690A000AAE1D /* StorageViewController.swift */,
				2C581DEB26693ECE0040C6EA /* CommonViewController.swift */,
			);
			path = Controller;
			sourceTree = "<group>";
		};
		2C117F282662317700335B74 /* Storyboard */ = {
			isa = PBXGroup;
			children = (
				2C117F1C2662304100335B74 /* LaunchScreen.storyboard */,
				2C117F172662303B00335B74 /* Main.storyboard */,
				2C16A01C26AC171500802BD6 /* MainScreen.storyboard */,
				2C2BADBD26B54CC300138E58 /* SearchScreen.storyboard */,
				2C1B4BDD26EE617F000AAE1D /* StorageScreen.storyboard */,
			);
			path = Storyboard;
			sourceTree = "<group>";
		};
		2C117F29266231AC00335B74 /* Resources */ = {
			isa = PBXGroup;
			children = (
				2C117F112662303B00335B74 /* AppDelegate.swift */,
				2C117F132662303B00335B74 /* SceneDelegate.swift */,
			);
			path = Resources;
			sourceTree = "<group>";
		};
		2C16A02426AC216100802BD6 /* Extension */ = {
			isa = PBXGroup;
			children = (
				2C16A02526AC21BF00802BD6 /* Date+Formatter.swift */,
				2C7CDC05271E6656003E1E60 /* String+Fomatter.swift */,
				2CAB1AC126CFE32400EA3C8B /* Int+TimeInterval.swift */,
			);
			path = Extension;
			sourceTree = "<group>";
		};
		2C6EA15726A30DF9003B4671 /* LiveRendering */ = {
			isa = PBXGroup;
			children = (
				2C6EA15826A30E18003B4671 /* RoundedView.swift */,
			);
			path = LiveRendering;
			sourceTree = "<group>";
		};
		2CF18D7B269ADA0D001B1497 /* Prototype */ = {
			isa = PBXGroup;
			children = (
				2CF18D7C269ADA5A001B1497 /* MovieItem.playground */,
			);
			path = Prototype;
			sourceTree = "<group>";
		};
		2CF18D7D269AF1F6001B1497 /* Model */ = {
			isa = PBXGroup;
			children = (
				2CF18D7E269AF22B001B1497 /* Movie.swift */,
				2C1B4BDB26EE5CE2000AAE1D /* Review.swift */,
				2C443A642716083700B1F5D1 /* ReviewPostData.swift */,
				2C50D0872717FE5B00B2E112 /* ReviewListResponse.swift */,
				2C443A662716085400B1F5D1 /* ResultCode.swift */,
				2C443A682716087500B1F5D1 /* CommonResponse.swift */,
				2C443A6A27160B1500B1F5D1 /* MovieTheaterData.swift */,
			);
			path = Model;
			sourceTree = "<group>";
		};
		2CF18D80269AF243001B1497 /* Service */ = {
			isa = PBXGroup;
			children = (
				2CF18D81269AF260001B1497 /* MovieDataSource.swift */,
				2CAB1AC326CFE44100EA3C8B /* MovieImageSource.swift */,
			);
			path = Service;
			sourceTree = "<group>";
		};
		53BFCC4A4FFA164C0C1BE6F7 /* Pods */ = {
			isa = PBXGroup;
			children = (
				FFED6DC594802BE99941C5F0 /* Pods-MyOwnFilm.debug.xcconfig */,
				DC7049195F116B4E74D7B48A /* Pods-MyOwnFilm.release.xcconfig */,
			);
			path = Pods;
			sourceTree = "<group>";
		};
		5BA1E56F0BAE73ABEC48CF54 /* Frameworks */ = {
			isa = PBXGroup;
			children = (
				4864EAE35440F52037B2D653 /* Pods_MyOwnFilm.framework */,
			);
			name = Frameworks;
			sourceTree = "<group>";
		};
/* End PBXGroup section */

/* Begin PBXNativeTarget section */
		2C117F0D2662303B00335B74 /* MyOwnFilm */ = {
			isa = PBXNativeTarget;
			buildConfigurationList = 2C117F222662304100335B74 /* Build configuration list for PBXNativeTarget "MyOwnFilm" */;
			buildPhases = (
				114C33370CCB9888A0304161 /* [CP] Check Pods Manifest.lock */,
				2C117F0A2662303B00335B74 /* Sources */,
				2C117F0B2662303B00335B74 /* Frameworks */,
				2C117F0C2662303B00335B74 /* Resources */,
				7C299A244EEC2B6BC9004BA3 /* [CP] Embed Pods Frameworks */,
			);
			buildRules = (
			);
			dependencies = (
			);
			name = MyOwnFilm;
			productName = MyOwnFilm;
			productReference = 2C6EA15526A30728003B4671 /* MyOwnFilm.app */;
			productType = "com.apple.product-type.application";
		};
/* End PBXNativeTarget section */

/* Begin PBXProject section */
		2C117F062662303B00335B74 /* Project object */ = {
			isa = PBXProject;
			attributes = {
				LastSwiftUpdateCheck = 1250;
				LastUpgradeCheck = 1250;
				TargetAttributes = {
					2C117F0D2662303B00335B74 = {
						CreatedOnToolsVersion = 12.5;
					};
				};
			};
			buildConfigurationList = 2C117F092662303B00335B74 /* Build configuration list for PBXProject "MyOwnFilm" */;
			compatibilityVersion = "Xcode 9.3";
			developmentRegion = en;
			hasScannedForEncodings = 0;
			knownRegions = (
				en,
				Base,
			);
			mainGroup = 2C117F052662303B00335B74;
			productRefGroup = 2C117F052662303B00335B74;
			projectDirPath = "";
			projectRoot = "";
			targets = (
				2C117F0D2662303B00335B74 /* MyOwnFilm */,
			);
		};
/* End PBXProject section */

/* Begin PBXResourcesBuildPhase section */
		2C117F0C2662303B00335B74 /* Resources */ = {
			isa = PBXResourcesBuildPhase;
			buildActionMask = 2147483647;
			files = (
				2C1B4BDE26EE617F000AAE1D /* StorageScreen.storyboard in Resources */,
				2C2BADBE26B54CC300138E58 /* SearchScreen.storyboard in Resources */,
				2C117F1E2662304100335B74 /* LaunchScreen.storyboard in Resources */,
				2C16A01D26AC171500802BD6 /* MainScreen.storyboard in Resources */,
				2C117F1B2662304100335B74 /* Assets.xcassets in Resources */,
				2C117F192662303B00335B74 /* Main.storyboard in Resources */,
			);
			runOnlyForDeploymentPostprocessing = 0;
		};
/* End PBXResourcesBuildPhase section */

/* Begin PBXShellScriptBuildPhase section */
		114C33370CCB9888A0304161 /* [CP] Check Pods Manifest.lock */ = {
			isa = PBXShellScriptBuildPhase;
			buildActionMask = 2147483647;
			files = (
			);
			inputFileListPaths = (
			);
			inputPaths = (
				"${PODS_PODFILE_DIR_PATH}/Podfile.lock",
				"${PODS_ROOT}/Manifest.lock",
			);
			name = "[CP] Check Pods Manifest.lock";
			outputFileListPaths = (
			);
			outputPaths = (
				"$(DERIVED_FILE_DIR)/Pods-MyOwnFilm-checkManifestLockResult.txt",
			);
			runOnlyForDeploymentPostprocessing = 0;
			shellPath = /bin/sh;
			shellScript = "diff \"${PODS_PODFILE_DIR_PATH}/Podfile.lock\" \"${PODS_ROOT}/Manifest.lock\" > /dev/null\nif [ $? != 0 ] ; then\n    # print error to STDERR\n    echo \"error: The sandbox is not in sync with the Podfile.lock. Run 'pod install' or update your CocoaPods installation.\" >&2\n    exit 1\nfi\n# This output is used by Xcode 'outputs' to avoid re-running this script phase.\necho \"SUCCESS\" > \"${SCRIPT_OUTPUT_FILE_0}\"\n";
			showEnvVarsInLog = 0;
		};
		7C299A244EEC2B6BC9004BA3 /* [CP] Embed Pods Frameworks */ = {
			isa = PBXShellScriptBuildPhase;
			buildActionMask = 2147483647;
			files = (
			);
			inputFileListPaths = (
				"${PODS_ROOT}/Target Support Files/Pods-MyOwnFilm/Pods-MyOwnFilm-frameworks-${CONFIGURATION}-input-files.xcfilelist",
			);
			name = "[CP] Embed Pods Frameworks";
			outputFileListPaths = (
				"${PODS_ROOT}/Target Support Files/Pods-MyOwnFilm/Pods-MyOwnFilm-frameworks-${CONFIGURATION}-output-files.xcfilelist",
			);
			runOnlyForDeploymentPostprocessing = 0;
			shellPath = /bin/sh;
			shellScript = "\"${PODS_ROOT}/Target Support Files/Pods-MyOwnFilm/Pods-MyOwnFilm-frameworks.sh\"\n";
			showEnvVarsInLog = 0;
		};
/* End PBXShellScriptBuildPhase section */

/* Begin PBXSourcesBuildPhase section */
		2C117F0A2662303B00335B74 /* Sources */ = {
			isa = PBXSourcesBuildPhase;
			buildActionMask = 2147483647;
			files = (
				2C63157526B04B940019C9E9 /* ReviewViewController.swift in Sources */,
				2CAB1AC426CFE44100EA3C8B /* MovieImageSource.swift in Sources */,
				2C443A692716087500B1F5D1 /* CommonResponse.swift in Sources */,
				2C50D0882717FE5B00B2E112 /* ReviewListResponse.swift in Sources */,
				2CF18D82269AF260001B1497 /* MovieDataSource.swift in Sources */,
				2C6EA15926A30E19003B4671 /* RoundedView.swift in Sources */,
				2CF18D7F269AF22B001B1497 /* Movie.swift in Sources */,
				2C1B4BDC26EE5CE2000AAE1D /* Review.swift in Sources */,
				2C2BADC226B55E3D00138E58 /* SearchMovieTableViewCell.swift in Sources */,
				2C16A02326AC1D7800802BD6 /* MainScreenFirstSectionCollectionViewCell.swift in Sources */,
				2CE2F5B426EF38DD0021C642 /* StorageCollectionViewCell.swift in Sources */,
				2CE4F015267242C7008BB895 /* LoginViewController.swift in Sources */,
				2C16A02626AC21BF00802BD6 /* Date+Formatter.swift in Sources */,
				2C16A01F26AC172900802BD6 /* MainScreenViewController.swift in Sources */,
				2CD6C73A26AC6F0600E82A06 /* SubMovieCollectionViewCell.swift in Sources */,
				2CD6C73C26AC6F9D00E82A06 /* SubMovieTableViewCell.swift in Sources */,
				2C2BADC026B54E2100138E58 /* SearchViewController.swift in Sources */,
				2C581DEC26693ECE0040C6EA /* CommonViewController.swift in Sources */,
				2C117F122662303B00335B74 /* AppDelegate.swift in Sources */,
				2C117F142662303B00335B74 /* SceneDelegate.swift in Sources */,
				2CA0CD9426F062B6004BDA42 /* MemoViewController.swift in Sources */,
				2C443A672716085400B1F5D1 /* ResultCode.swift in Sources */,
				2C7CDC06271E6656003E1E60 /* String+Fomatter.swift in Sources */,
				2C1B4BE026EE690A000AAE1D /* StorageViewController.swift in Sources */,
				2C443A652716083700B1F5D1 /* ReviewPostData.swift in Sources */,
				2C6BE451269406E3004237C0 /* MovieDetailViewController.swift in Sources */,
				2C443A6B27160B1500B1F5D1 /* MovieTheaterData.swift in Sources */,
				2C16A02126AC1C3700802BD6 /* MainScreenFirstSectionTableViewCell.swift in Sources */,
				2CAB1AC226CFE32400EA3C8B /* Int+TimeInterval.swift in Sources */,
				2C59B938270C0D6100CC492B /* MovieTheaterListViewController.swift in Sources */,
			);
			runOnlyForDeploymentPostprocessing = 0;
		};
/* End PBXSourcesBuildPhase section */

/* Begin PBXVariantGroup section */
		2C117F172662303B00335B74 /* Main.storyboard */ = {
			isa = PBXVariantGroup;
			children = (
				2C117F182662303B00335B74 /* Base */,
			);
			name = Main.storyboard;
			sourceTree = "<group>";
		};
		2C117F1C2662304100335B74 /* LaunchScreen.storyboard */ = {
			isa = PBXVariantGroup;
			children = (
				2C117F1D2662304100335B74 /* Base */,
			);
			name = LaunchScreen.storyboard;
			sourceTree = "<group>";
		};
/* End PBXVariantGroup section */

/* Begin XCBuildConfiguration section */
		2C117F202662304100335B74 /* Debug */ = {
			isa = XCBuildConfiguration;
			buildSettings = {
				ALWAYS_SEARCH_USER_PATHS = NO;
				CLANG_ANALYZER_NONNULL = YES;
				CLANG_ANALYZER_NUMBER_OBJECT_CONVERSION = YES_AGGRESSIVE;
				CLANG_CXX_LANGUAGE_STANDARD = "gnu++14";
				CLANG_CXX_LIBRARY = "libc++";
				CLANG_ENABLE_MODULES = YES;
				CLANG_ENABLE_OBJC_ARC = YES;
				CLANG_ENABLE_OBJC_WEAK = YES;
				CLANG_WARN_BLOCK_CAPTURE_AUTORELEASING = YES;
				CLANG_WARN_BOOL_CONVERSION = YES;
				CLANG_WARN_COMMA = YES;
				CLANG_WARN_CONSTANT_CONVERSION = YES;
				CLANG_WARN_DEPRECATED_OBJC_IMPLEMENTATIONS = YES;
				CLANG_WARN_DIRECT_OBJC_ISA_USAGE = YES_ERROR;
				CLANG_WARN_DOCUMENTATION_COMMENTS = YES;
				CLANG_WARN_EMPTY_BODY = YES;
				CLANG_WARN_ENUM_CONVERSION = YES;
				CLANG_WARN_INFINITE_RECURSION = YES;
				CLANG_WARN_INT_CONVERSION = YES;
				CLANG_WARN_NON_LITERAL_NULL_CONVERSION = YES;
				CLANG_WARN_OBJC_IMPLICIT_RETAIN_SELF = YES;
				CLANG_WARN_OBJC_LITERAL_CONVERSION = YES;
				CLANG_WARN_OBJC_ROOT_CLASS = YES_ERROR;
				CLANG_WARN_QUOTED_INCLUDE_IN_FRAMEWORK_HEADER = YES;
				CLANG_WARN_RANGE_LOOP_ANALYSIS = YES;
				CLANG_WARN_STRICT_PROTOTYPES = YES;
				CLANG_WARN_SUSPICIOUS_MOVE = YES;
				CLANG_WARN_UNGUARDED_AVAILABILITY = YES_AGGRESSIVE;
				CLANG_WARN_UNREACHABLE_CODE = YES;
				CLANG_WARN__DUPLICATE_METHOD_MATCH = YES;
				COPY_PHASE_STRIP = NO;
				DEBUG_INFORMATION_FORMAT = dwarf;
				ENABLE_STRICT_OBJC_MSGSEND = YES;
				ENABLE_TESTABILITY = YES;
				GCC_C_LANGUAGE_STANDARD = gnu11;
				GCC_DYNAMIC_NO_PIC = NO;
				GCC_NO_COMMON_BLOCKS = YES;
				GCC_OPTIMIZATION_LEVEL = 0;
				GCC_PREPROCESSOR_DEFINITIONS = (
					"DEBUG=1",
					"$(inherited)",
				);
				GCC_WARN_64_TO_32_BIT_CONVERSION = YES;
				GCC_WARN_ABOUT_RETURN_TYPE = YES_ERROR;
				GCC_WARN_UNDECLARED_SELECTOR = YES;
				GCC_WARN_UNINITIALIZED_AUTOS = YES_AGGRESSIVE;
				GCC_WARN_UNUSED_FUNCTION = YES;
				GCC_WARN_UNUSED_VARIABLE = YES;
				IPHONEOS_DEPLOYMENT_TARGET = 14.5;
				MTL_ENABLE_DEBUG_INFO = INCLUDE_SOURCE;
				MTL_FAST_MATH = YES;
				ONLY_ACTIVE_ARCH = YES;
				SDKROOT = iphoneos;
				SWIFT_ACTIVE_COMPILATION_CONDITIONS = DEBUG;
				SWIFT_OPTIMIZATION_LEVEL = "-Onone";
			};
			name = Debug;
		};
		2C117F212662304100335B74 /* Release */ = {
			isa = XCBuildConfiguration;
			buildSettings = {
				ALWAYS_SEARCH_USER_PATHS = NO;
				CLANG_ANALYZER_NONNULL = YES;
				CLANG_ANALYZER_NUMBER_OBJECT_CONVERSION = YES_AGGRESSIVE;
				CLANG_CXX_LANGUAGE_STANDARD = "gnu++14";
				CLANG_CXX_LIBRARY = "libc++";
				CLANG_ENABLE_MODULES = YES;
				CLANG_ENABLE_OBJC_ARC = YES;
				CLANG_ENABLE_OBJC_WEAK = YES;
				CLANG_WARN_BLOCK_CAPTURE_AUTORELEASING = YES;
				CLANG_WARN_BOOL_CONVERSION = YES;
				CLANG_WARN_COMMA = YES;
				CLANG_WARN_CONSTANT_CONVERSION = YES;
				CLANG_WARN_DEPRECATED_OBJC_IMPLEMENTATIONS = YES;
				CLANG_WARN_DIRECT_OBJC_ISA_USAGE = YES_ERROR;
				CLANG_WARN_DOCUMENTATION_COMMENTS = YES;
				CLANG_WARN_EMPTY_BODY = YES;
				CLANG_WARN_ENUM_CONVERSION = YES;
				CLANG_WARN_INFINITE_RECURSION = YES;
				CLANG_WARN_INT_CONVERSION = YES;
				CLANG_WARN_NON_LITERAL_NULL_CONVERSION = YES;
				CLANG_WARN_OBJC_IMPLICIT_RETAIN_SELF = YES;
				CLANG_WARN_OBJC_LITERAL_CONVERSION = YES;
				CLANG_WARN_OBJC_ROOT_CLASS = YES_ERROR;
				CLANG_WARN_QUOTED_INCLUDE_IN_FRAMEWORK_HEADER = YES;
				CLANG_WARN_RANGE_LOOP_ANALYSIS = YES;
				CLANG_WARN_STRICT_PROTOTYPES = YES;
				CLANG_WARN_SUSPICIOUS_MOVE = YES;
				CLANG_WARN_UNGUARDED_AVAILABILITY = YES_AGGRESSIVE;
				CLANG_WARN_UNREACHABLE_CODE = YES;
				CLANG_WARN__DUPLICATE_METHOD_MATCH = YES;
				COPY_PHASE_STRIP = NO;
				DEBUG_INFORMATION_FORMAT = "dwarf-with-dsym";
				ENABLE_NS_ASSERTIONS = NO;
				ENABLE_STRICT_OBJC_MSGSEND = YES;
				GCC_C_LANGUAGE_STANDARD = gnu11;
				GCC_NO_COMMON_BLOCKS = YES;
				GCC_WARN_64_TO_32_BIT_CONVERSION = YES;
				GCC_WARN_ABOUT_RETURN_TYPE = YES_ERROR;
				GCC_WARN_UNDECLARED_SELECTOR = YES;
				GCC_WARN_UNINITIALIZED_AUTOS = YES_AGGRESSIVE;
				GCC_WARN_UNUSED_FUNCTION = YES;
				GCC_WARN_UNUSED_VARIABLE = YES;
				IPHONEOS_DEPLOYMENT_TARGET = 14.5;
				MTL_ENABLE_DEBUG_INFO = NO;
				MTL_FAST_MATH = YES;
				SDKROOT = iphoneos;
				SWIFT_COMPILATION_MODE = wholemodule;
				SWIFT_OPTIMIZATION_LEVEL = "-O";
				VALIDATE_PRODUCT = YES;
			};
			name = Release;
		};
		2C117F232662304100335B74 /* Debug */ = {
			isa = XCBuildConfiguration;
			baseConfigurationReference = FFED6DC594802BE99941C5F0 /* Pods-MyOwnFilm.debug.xcconfig */;
			buildSettings = {
				ASSETCATALOG_COMPILER_APPICON_NAME = AppIcon;
				ASSETCATALOG_COMPILER_GLOBAL_ACCENT_COLOR_NAME = AccentColor;
				CODE_SIGN_IDENTITY = "Apple Development";
				CODE_SIGN_STYLE = Automatic;
				DEVELOPMENT_TEAM = K6MHP3M8UT;
				INFOPLIST_FILE = MyOwnFilm/Info.plist;
				IPHONEOS_DEPLOYMENT_TARGET = 11.0;
				LD_RUNPATH_SEARCH_PATHS = (
					"$(inherited)",
					"@executable_path/Frameworks",
				);
				ONLY_ACTIVE_ARCH = YES;
				PRODUCT_BUNDLE_IDENTIFIER = com.Kxcoding.MyOwnFilm;
				PRODUCT_NAME = "$(TARGET_NAME)";
				PROVISIONING_PROFILE_SPECIFIER = "";
				SWIFT_VERSION = 5.0;
				TARGETED_DEVICE_FAMILY = "1,2";
			};
			name = Debug;
		};
		2C117F242662304100335B74 /* Release */ = {
			isa = XCBuildConfiguration;
			baseConfigurationReference = DC7049195F116B4E74D7B48A /* Pods-MyOwnFilm.release.xcconfig */;
			buildSettings = {
				ASSETCATALOG_COMPILER_APPICON_NAME = AppIcon;
				ASSETCATALOG_COMPILER_GLOBAL_ACCENT_COLOR_NAME = AccentColor;
				CODE_SIGN_IDENTITY = "Apple Development";
				CODE_SIGN_STYLE = Automatic;
				DEVELOPMENT_TEAM = K6MHP3M8UT;
				INFOPLIST_FILE = MyOwnFilm/Info.plist;
				IPHONEOS_DEPLOYMENT_TARGET = 11.0;
				LD_RUNPATH_SEARCH_PATHS = (
					"$(inherited)",
					"@executable_path/Frameworks",
				);
				ONLY_ACTIVE_ARCH = NO;
				PRODUCT_BUNDLE_IDENTIFIER = com.Kxcoding.MyOwnFilm;
				PRODUCT_NAME = "$(TARGET_NAME)";
				PROVISIONING_PROFILE_SPECIFIER = "";
				SWIFT_VERSION = 5.0;
				TARGETED_DEVICE_FAMILY = "1,2";
			};
			name = Release;
		};
/* End XCBuildConfiguration section */

/* Begin XCConfigurationList section */
		2C117F092662303B00335B74 /* Build configuration list for PBXProject "MyOwnFilm" */ = {
			isa = XCConfigurationList;
			buildConfigurations = (
				2C117F202662304100335B74 /* Debug */,
				2C117F212662304100335B74 /* Release */,
			);
			defaultConfigurationIsVisible = 0;
			defaultConfigurationName = Release;
		};
		2C117F222662304100335B74 /* Build configuration list for PBXNativeTarget "MyOwnFilm" */ = {
			isa = XCConfigurationList;
			buildConfigurations = (
				2C117F232662304100335B74 /* Debug */,
				2C117F242662304100335B74 /* Release */,
			);
			defaultConfigurationIsVisible = 0;
			defaultConfigurationName = Release;
		};
/* End XCConfigurationList section */
	};
	rootObject = 2C117F062662303B00335B74 /* Project object */;
}
